
Microsoft Visual Studio Solution File, Format Version 12.00
# Visual Studio Version 16
VisualStudioVersion = 16.0.29409.12
MinimumVisualStudioVersion = 10.0.40219.1
Project("{FAE04EC0-301F-11D3-BF4B-00C04F79EFBC}") = "PruebasCasa", "PruebasCasa\PruebasCasa.csproj", "{BC1103FB-730D-4F2F-834E-D7616C7267A6}"
EndProject
Project("{FAE04EC0-301F-11D3-BF4B-00C04F79EFBC}") = "PruebasJson", "PruebasJson\PruebasJson.csproj", "{0A637D7D-35D9-4522-87D0-69C8A1CF6843}"
EndProject
Project("{FAE04EC0-301F-11D3-BF4B-00C04F79EFBC}") = "pruebaJson_02", "pruebaJson_02\pruebaJson_02.csproj", "{B266D20C-CF56-4C0A-B7A2-7B446A183B0D}"
EndProject
Project("{FAE04EC0-301F-11D3-BF4B-00C04F79EFBC}") = "pruebaJson_03", "pruebaJson_03\pruebaJson_03.csproj", "{6E9818CD-1F0C-4DE6-A6F8-DC3E216E7BEF}"
EndProject
Global
	GlobalSection(SolutionConfigurationPlatforms) = preSolution
		Debug|Any CPU = Debug|Any CPU
		Release|Any CPU = Release|Any CPU
	EndGlobalSection
	GlobalSection(ProjectConfigurationPlatforms) = postSolution
		{BC1103FB-730D-4F2F-834E-D7616C7267A6}.Debug|Any CPU.ActiveCfg = Debug|Any CPU
		{BC1103FB-730D-4F2F-834E-D7616C7267A6}.Debug|Any CPU.Build.0 = Debug|Any CPU
		{BC1103FB-730D-4F2F-834E-D7616C7267A6}.Release|Any CPU.ActiveCfg = Release|Any CPU
		{BC1103FB-730D-4F2F-834E-D7616C7267A6}.Release|Any CPU.Build.0 = Release|Any CPU
		{0A637D7D-35D9-4522-87D0-69C8A1CF6843}.Debug|Any CPU.ActiveCfg = Debug|Any CPU
		{0A637D7D-35D9-4522-87D0-69C8A1CF6843}.Debug|Any CPU.Build.0 = Debug|Any CPU
		{0A637D7D-35D9-4522-87D0-69C8A1CF6843}.Release|Any CPU.ActiveCfg = Release|Any CPU
		{0A637D7D-35D9-4522-87D0-69C8A1CF6843}.Release|Any CPU.Build.0 = Release|Any CPU
		{B266D20C-CF56-4C0A-B7A2-7B446A183B0D}.Debug|Any CPU.ActiveCfg = Debug|Any CPU
		{B266D20C-CF56-4C0A-B7A2-7B446A183B0D}.Debug|Any CPU.Build.0 = Debug|Any CPU
		{B266D20C-CF56-4C0A-B7A2-7B446A183B0D}.Release|Any CPU.ActiveCfg = Release|Any CPU
		{B266D20C-CF56-4C0A-B7A2-7B446A183B0D}.Release|Any CPU.Build.0 = Release|Any CPU
		{6E9818CD-1F0C-4DE6-A6F8-DC3E216E7BEF}.Debug|Any CPU.ActiveCfg = Debug|Any CPU
		{6E9818CD-1F0C-4DE6-A6F8-DC3E216E7BEF}.Debug|Any CPU.Build.0 = Debug|Any CPU
		{6E9818CD-1F0C-4DE6-A6F8-DC3E216E7BEF}.Release|Any CPU.ActiveCfg = Release|Any CPU
		{6E9818CD-1F0C-4DE6-A6F8-DC3E216E7BEF}.Release|Any CPU.Build.0 = Release|Any CPU
	EndGlobalSection
	GlobalSection(SolutionProperties) = preSolution
		HideSolutionNode = FALSE
	EndGlobalSection
	GlobalSection(ExtensibilityGlobals) = postSolution
		SolutionGuid = {7155DEC0-F443-47F0-8F7A-4A00A122E818}
	EndGlobalSection
EndGlobal
